<Solution>
  <Project Path="Restaurant.Application/Restaurant.Application.csproj" />
  <Project Path="Restaurant.Application.Tests/Restaurant.Application.Tests.csproj" />
  <Project Path="Restaurant.Domain/Restaurant.Domain.csproj" />
  <Project Path="Restaurant.Domain.Tests/Restaurant.Domain.Tests.csproj" />
  <Project Path="Restaurant.Infrastructure/Restaurant.Infrastructure.csproj" />
  <Project Path="Restaurant.Infrastructure.Tests/Restaurant.Infrastructure.Tests.csproj" />
  <Project Path="Restaurant.Api/Restaurant.Api.csproj" />
</Solution>
